
Microsoft Visual Studio Solution File, Format Version 12.00
# Visual Studio Version 16
VisualStudioVersion = 16.0.30320.27
MinimumVisualStudioVersion = 10.0.40219.1
Project("{FAE04EC0-301F-11D3-BF4B-00C04F79EFBC}") = "C이미지_침식_팽창", "C이미지_침식_팽창\C이미지_침식_팽창.csproj", "{D0C1482C-AF8B-479E-9F7C-EEAE946E55C5}"
EndProject
Global
	GlobalSection(SolutionConfigurationPlatforms) = preSolution
		Debug|Any CPU = Debug|Any CPU
		Release|Any CPU = Release|Any CPU
	EndGlobalSection
	GlobalSection(ProjectConfigurationPlatforms) = postSolution
		{D0C1482C-AF8B-479E-9F7C-EEAE946E55C5}.Debug|Any CPU.ActiveCfg = Debug|Any CPU
		{D0C1482C-AF8B-479E-9F7C-EEAE946E55C5}.Debug|Any CPU.Build.0 = Debug|Any CPU
		{D0C1482C-AF8B-479E-9F7C-EEAE946E55C5}.Release|Any CPU.ActiveCfg = Release|Any CPU
		{D0C1482C-AF8B-479E-9F7C-EEAE946E55C5}.Release|Any CPU.Build.0 = Release|Any CPU
	EndGlobalSection
	GlobalSection(SolutionProperties) = preSolution
		HideSolutionNode = FALSE
	EndGlobalSection
	GlobalSection(ExtensibilityGlobals) = postSolution
		SolutionGuid = {3D7C0FB2-355B-4A0C-A490-08B852965073}
	EndGlobalSection
EndGlobal
