
Microsoft Visual Studio Solution File, Format Version 12.00
# Visual Studio Version 16
VisualStudioVersion = 16.0.30320.27
MinimumVisualStudioVersion = 10.0.40219.1
Project("{FAE04EC0-301F-11D3-BF4B-00C04F79EFBC}") = "missed log 찾기", "missed log 찾기\missed log 찾기.csproj", "{3176DDCA-5783-4EAB-AF41-BD19B26C3229}"
EndProject
Global
	GlobalSection(SolutionConfigurationPlatforms) = preSolution
		Debug|Any CPU = Debug|Any CPU
		Release|Any CPU = Release|Any CPU
	EndGlobalSection
	GlobalSection(ProjectConfigurationPlatforms) = postSolution
		{3176DDCA-5783-4EAB-AF41-BD19B26C3229}.Debug|Any CPU.ActiveCfg = Debug|Any CPU
		{3176DDCA-5783-4EAB-AF41-BD19B26C3229}.Debug|Any CPU.Build.0 = Debug|Any CPU
		{3176DDCA-5783-4EAB-AF41-BD19B26C3229}.Release|Any CPU.ActiveCfg = Release|Any CPU
		{3176DDCA-5783-4EAB-AF41-BD19B26C3229}.Release|Any CPU.Build.0 = Release|Any CPU
	EndGlobalSection
	GlobalSection(SolutionProperties) = preSolution
		HideSolutionNode = FALSE
	EndGlobalSection
	GlobalSection(ExtensibilityGlobals) = postSolution
		SolutionGuid = {778667B0-A27D-4664-A858-EFF44C237087}
	EndGlobalSection
EndGlobal
