
Microsoft Visual Studio Solution File, Format Version 12.00
# Visual Studio Version 16
VisualStudioVersion = 16.0.30320.27
MinimumVisualStudioVersion = 10.0.40219.1
Project("{FAE04EC0-301F-11D3-BF4B-00C04F79EFBC}") = "C_최소자승법_RANSAC", "C_최소자승법_RANSAC\C_최소자승법_RANSAC.csproj", "{8C38C9E6-695B-446F-8B8D-8E296B3D467A}"
EndProject
Global
	GlobalSection(SolutionConfigurationPlatforms) = preSolution
		Debug|Any CPU = Debug|Any CPU
		Release|Any CPU = Release|Any CPU
	EndGlobalSection
	GlobalSection(ProjectConfigurationPlatforms) = postSolution
		{8C38C9E6-695B-446F-8B8D-8E296B3D467A}.Debug|Any CPU.ActiveCfg = Debug|Any CPU
		{8C38C9E6-695B-446F-8B8D-8E296B3D467A}.Debug|Any CPU.Build.0 = Debug|Any CPU
		{8C38C9E6-695B-446F-8B8D-8E296B3D467A}.Release|Any CPU.ActiveCfg = Release|Any CPU
		{8C38C9E6-695B-446F-8B8D-8E296B3D467A}.Release|Any CPU.Build.0 = Release|Any CPU
	EndGlobalSection
	GlobalSection(SolutionProperties) = preSolution
		HideSolutionNode = FALSE
	EndGlobalSection
	GlobalSection(ExtensibilityGlobals) = postSolution
		SolutionGuid = {B3ED80F2-654B-4A64-84F0-1485AE4C9709}
	EndGlobalSection
EndGlobal
