
Microsoft Visual Studio Solution File, Format Version 12.00
# Visual Studio Version 16
VisualStudioVersion = 16.0.30320.27
MinimumVisualStudioVersion = 10.0.40219.1
Project("{FAE04EC0-301F-11D3-BF4B-00C04F79EFBC}") = "C가우시안_라플라스", "C가우시안_라플라스\C가우시안_라플라스.csproj", "{71CA17D8-9D88-4DD3-BFE5-A08A86548045}"
EndProject
Global
	GlobalSection(SolutionConfigurationPlatforms) = preSolution
		Debug|Any CPU = Debug|Any CPU
		Release|Any CPU = Release|Any CPU
	EndGlobalSection
	GlobalSection(ProjectConfigurationPlatforms) = postSolution
		{71CA17D8-9D88-4DD3-BFE5-A08A86548045}.Debug|Any CPU.ActiveCfg = Debug|Any CPU
		{71CA17D8-9D88-4DD3-BFE5-A08A86548045}.Debug|Any CPU.Build.0 = Debug|Any CPU
		{71CA17D8-9D88-4DD3-BFE5-A08A86548045}.Release|Any CPU.ActiveCfg = Release|Any CPU
		{71CA17D8-9D88-4DD3-BFE5-A08A86548045}.Release|Any CPU.Build.0 = Release|Any CPU
	EndGlobalSection
	GlobalSection(SolutionProperties) = preSolution
		HideSolutionNode = FALSE
	EndGlobalSection
	GlobalSection(ExtensibilityGlobals) = postSolution
		SolutionGuid = {6A43B313-D168-440C-828F-8896CBC66293}
	EndGlobalSection
EndGlobal
