
Microsoft Visual Studio Solution File, Format Version 12.00
# Visual Studio Version 16
VisualStudioVersion = 16.0.30320.27
MinimumVisualStudioVersion = 10.0.40219.1
Project("{FAE04EC0-301F-11D3-BF4B-00C04F79EFBC}") = "C히스토그램_평활화", "C히스토그램_평활화\C히스토그램_평활화.csproj", "{C4A7E333-D590-46CD-B05D-12F13AAC8141}"
EndProject
Global
	GlobalSection(SolutionConfigurationPlatforms) = preSolution
		Debug|Any CPU = Debug|Any CPU
		Release|Any CPU = Release|Any CPU
	EndGlobalSection
	GlobalSection(ProjectConfigurationPlatforms) = postSolution
		{C4A7E333-D590-46CD-B05D-12F13AAC8141}.Debug|Any CPU.ActiveCfg = Debug|Any CPU
		{C4A7E333-D590-46CD-B05D-12F13AAC8141}.Debug|Any CPU.Build.0 = Debug|Any CPU
		{C4A7E333-D590-46CD-B05D-12F13AAC8141}.Release|Any CPU.ActiveCfg = Release|Any CPU
		{C4A7E333-D590-46CD-B05D-12F13AAC8141}.Release|Any CPU.Build.0 = Release|Any CPU
	EndGlobalSection
	GlobalSection(SolutionProperties) = preSolution
		HideSolutionNode = FALSE
	EndGlobalSection
	GlobalSection(ExtensibilityGlobals) = postSolution
		SolutionGuid = {042472C5-AD44-4EFA-9572-F96C555DB48A}
	EndGlobalSection
EndGlobal
